github.com/golang-infrastructure/go-iterator v0.0.0-20230524171120-56988a9b127c h1:h4321AFRVv5rTKcColUjE5pa+Y1exG1e6aEXn43L/Eg=
github.com/golang-infrastructure/go-iterator v0.0.0-20230524171120-56988a9b127c/go.mod h1:Guf14ZZ7f7qiE0YpZbUkICcm7LWc3nrn3/gDObT//WI=
github.com/storage-lock/go-storage v0.0.0-20230804144817-27c0f97a198f h1:C0GvMeEzZtn75wozNdOWCaJOs9gqqpQLJtSAKz3nMl8=
github.com/storage-lock/go-storage v0.0.0-20230804144817-27c0f97a198f/go.mod h1:rsdEP+Qq+lvkTp6UbXljkznIV09Gh3wWuMjiDSXPgww=
github.com/storage-lock/go-storage-lock v0.0.0-20230804114007-1ceaade31a9c h1:ltShJp1ZbfC+9i59h+lzWLZYhQfZBdfUfaNIpJNWa3Q=
github.com/storage-lock/go-storage-lock v0.0.0-20230804114007-1ceaade31a9c/go.mod h1:YFQJEPL8CY1GwlRJFNeL8C7bYY5CmYHQfHWfysOyNOg=
